PODS:
  - AppSyncRealTimeClient (3.2.0):
    - Starscream (= 4.0.8)
  - AWSAuthCore (2.36.2):
    - AWSCore (= 2.36.2)
  - AWSCognitoIdentityProvider (2.36.2):
    - AWSCognitoIdentityProviderASF (= 2.36.2)
    - AWSCore (= 2.36.2)
  - AWSCognitoIdentityProviderASF (2.36.2):
    - AWSCore (= 2.36.2)
  - AWSCore (2.36.2)
  - AWSMobileClient (2.36.2):
    - AWSAuthCore (= 2.36.2)
    - AWSCognitoIdentityProvider (= 2.36.2)
    - AWSCognitoIdentityProviderASF (= 2.36.2)
    - AWSCore (= 2.36.2)
  - AWSS3 (2.36.2):
    - AWSCore (= 2.36.2)
  - SQLite.swift (0.15.3):
    - SQLite.swift/standard (= 0.15.3)
  - SQLite.swift/standard (0.15.3)
  - Starscream (4.0.8)
  - SwiftLint (0.55.0)

DEPENDENCIES:
  - AppSyncRealTimeClient (~> 3.2.0)
  - AWSCore (~> 2.36.0)
  - AWSMobileClient (~> 2.36.0)
  - AWSS3 (~> 2.36.0)
  - SQLite.swift (from `https://github.com/zhifenx/SQLite.swift`)
  - SwiftLint

SPEC REPOS:
  trunk:
    - AppSyncRealTimeClient
    - AWSAuthCore
    - AWSCognitoIdentityProvider
    - AWSCognitoIdentityProviderASF
    - AWSCore
    - AWSMobileClient
    - AWSS3
    - Starscream
    - SwiftLint

EXTERNAL SOURCES:
  SQLite.swift:
    :git: https://github.com/zhifenx/SQLite.swift

CHECKOUT OPTIONS:
  SQLite.swift:
    :commit: c6673edfe38a31528f953d4e251ab515a1495e8a
    :git: https://github.com/zhifenx/SQLite.swift

SPEC CHECKSUMS:
  AppSyncRealTimeClient: 35c0d2ae28234a9f5daba5dc31402acf45ad802f
  AWSAuthCore: 0cb5d14bba49eaac2c4f470c3363a0dc93cbd5f0
  AWSCognitoIdentityProvider: 8c04f76b85b8c6e3463a36f01a2d3980404efc46
  AWSCognitoIdentityProviderASF: 39f47443203aefdc90d7758bad98fbecf9afbe8d
  AWSCore: 389e60725f6cd23873ffa6a6292c8f38a940fe11
  AWSMobileClient: aad2c8dfeea9806e72000d2be187f2680073a400
  AWSS3: eb7863c11386653894f722f27f540efb310db04c
  SQLite.swift: 8d054987f02728cc912b0eb5a9659650573a65a2
  Starscream: 19b5533ddb925208db698f0ac508a100b884a1b9
  SwiftLint: c5b49076d727b772434318c236548f0a1110c299

PODFILE CHECKSUM: 507043795fc6a992cff6f3891a5c3c3da7268cd6

COCOAPODS: 1.15.2
